// !$*UTF8*$!
{
	archiveVersion = 1;
	classes = {
	};
	objectVersion = 46;
	objects = {

/* Begin PBXBuildFile section */
		00ADC6DA1D9BD2B5002FADA1 /* AppDelegate.swift in Sources */ = {isa = PBXBuildFile; fileRef = 00ADC6D91D9BD2B5002FADA1 /* AppDelegate.swift */; };
		00ADC6DC1D9BD2B5002FADA1 /* ViewController.swift in Sources */ = {isa = PBXBuildFile; fileRef = 00ADC6DB1D9BD2B5002FADA1 /* ViewController.swift */; };
		00ADC6DF1D9BD2B5002FADA1 /* Main.storyboard in Resources */ = {isa = PBXBuildFile; fileRef = 00ADC6DD1D9BD2B5002FADA1 /* Main.storyboard */; };
		00ADC6E21D9BD2B5002FADA1 /* CDStudy.xcdatamodeld in Sources */ = {isa = PBXBuildFile; fileRef = 00ADC6E01D9BD2B5002FADA1 /* CDStudy.xcdatamodeld */; };
		00ADC6E41D9BD2B5002FADA1 /* Assets.xcassets in Resources */ = {isa = PBXBuildFile; fileRef = 00ADC6E31D9BD2B5002FADA1 /* Assets.xcassets */; };
		00ADC6E71D9BD2B5002FADA1 /* LaunchScreen.storyboard in Resources */ = {isa = PBXBuildFile; fileRef = 00ADC6E51D9BD2B5002FADA1 /* LaunchScreen.storyboard */; };
/* End PBXBuildFile section */

/* Begin PBXFileReference section */
		00ADC6D61D9BD2B5002FADA1 /* CDStudy.app */ = {isa = PBXFileReference; explicitFileType = wrapper.application; includeInIndex = 0; path = CDStudy.app; sourceTree = BUILT_PRODUCTS_DIR; };
		00ADC6D91D9BD2B5002FADA1 /* AppDelegate.swift */ = {isa = PBXFileReference; lastKnownFileType = sourcecode.swift; path = AppDelegate.swift; sourceTree = "<group>"; };
		00ADC6DB1D9BD2B5002FADA1 /* ViewController.swift */ = {isa = PBXFileReference; lastKnownFileType = sourcecode.swift; path = ViewController.swift; sourceTree = "<group>"; };
		00ADC6DE1D9BD2B5002FADA1 /* Base */ = {isa = PBXFileReference; lastKnownFileType = file.storyboard; name = Base; path = Base.lproj/Main.storyboard; sourceTree = "<group>"; };
		00ADC6E11D9BD2B5002FADA1 /* CDStudy.xcdatamodel */ = {isa = PBXFileReference; lastKnownFileType = wrapper.xcdatamodel; path = CDStudy.xcdatamodel; sourceTree = "<group>"; };
		00ADC6E31D9BD2B5002FADA1 /* Assets.xcassets */ = {isa = PBXFileReference; lastKnownFileType = folder.assetcatalog; path = Assets.xcassets; sourceTree = "<group>"; };
		00ADC6E61D9BD2B5002FADA1 /* Base */ = {isa = PBXFileReference; lastKnownFileType = file.storyboard; name = Base; path = Base.lproj/LaunchScreen.storyboard; sourceTree = "<group>"; };
		00ADC6E81D9BD2B5002FADA1 /* Info.plist */ = {isa = PBXFileReference; lastKnownFileType = text.plist.xml; path = Info.plist; sourceTree = "<group>"; };
/* End PBXFileReference section */

/* Begin PBXFrameworksBuildPhase section */
		00ADC6D31D9BD2B5002FADA1 /* Frameworks */ = {
			isa = PBXFrameworksBuildPhase;
			buildActionMask = 2147483647;
			files = (
			);
			runOnlyForDeploymentPostprocessing = 0;
		};
/* End PBXFrameworksBuildPhase section */

/* Begin PBXGroup section */
		00ADC6CD1D9BD2B5002FADA1 = {
			isa = PBXGroup;
			children = (
				00ADC6D81D9BD2B5002FADA1 /* CDStudy */,
				00ADC6D71D9BD2B5002FADA1 /* Products */,
			);
			sourceTree = "<group>";
		};
		00ADC6D71D9BD2B5002FADA1 /* Products */ = {
			isa = PBXGroup;
			children = (
				00ADC6D61D9BD2B5002FADA1 /* CDStudy.app */,
			);
			name = Products;
			sourceTree = "<group>";
		};
		00ADC6D81D9BD2B5002FADA1 /* CDStudy */ = {
			isa = PBXGroup;
			children = (
				00ADC6D91D9BD2B5002FADA1 /* AppDelegate.swift */,
				00ADC6DB1D9BD2B5002FADA1 /* ViewController.swift */,
				00ADC6DD1D9BD2B5002FADA1 /* Main.storyboard */,
				00ADC6E31D9BD2B5002FADA1 /* Assets.xcassets */,
				00ADC6E51D9BD2B5002FADA1 /* LaunchScreen.storyboard */,
				00ADC6E81D9BD2B5002FADA1 /* Info.plist */,
				00ADC6E01D9BD2B5002FADA1 /* CDStudy.xcdatamodeld */,
			);
			path = CDStudy;
			sourceTree = "<group>";
		};
/* End PBXGroup section */

/* Begin PBXNativeTarget section */
		00ADC6D51D9BD2B5002FADA1 /* CDStudy */ = {
			isa = PBXNativeTarget;
			buildConfigurationList = 00ADC6EB1D9BD2B5002FADA1 /* Build configuration list for PBXNativeTarget "CDStudy" */;
			buildPhases = (
				00ADC6D21D9BD2B5002FADA1 /* Sources */,
				00ADC6D31D9BD2B5002FADA1 /* Frameworks */,
				00ADC6D41D9BD2B5002FADA1 /* Resources */,
			);
			buildRules = (
			);
			dependencies = (
			);
			name = CDStudy;
			productName = CDStudy;
			productReference = 00ADC6D61D9BD2B5002FADA1 /* CDStudy.app */;
			productType = "com.apple.product-type.application";
		};
/* End PBXNativeTarget section */

/* Begin PBXProject section */
		00ADC6CE1D9BD2B5002FADA1 /* Project object */ = {
			isa = PBXProject;
			attributes = {
				LastSwiftUpdateCheck = 0800;
				LastUpgradeCheck = 0800;
				TargetAttributes = {
					00ADC6D51D9BD2B5002FADA1 = {
						CreatedOnToolsVersion = 8.0;
						ProvisioningStyle = Automatic;
					};
				};
			};
			buildConfigurationList = 00ADC6D11D9BD2B5002FADA1 /* Build configuration list for PBXProject "CDStudy" */;
			compatibilityVersion = "Xcode 3.2";
			developmentRegion = English;
			hasScannedForEncodings = 0;
			knownRegions = (
				en,
				Base,
			);
			mainGroup = 00ADC6CD1D9BD2B5002FADA1;
			productRefGroup = 00ADC6D71D9BD2B5002FADA1 /* Products */;
			projectDirPath = "";
			projectRoot = "";
			targets = (
				00ADC6D51D9BD2B5002FADA1 /* CDStudy */,
			);
		};
/* End PBXProject section */

/* Begin PBXResourcesBuildPhase section */
		00ADC6D41D9BD2B5002FADA1 /* Resources */ = {
			isa = PBXResourcesBuildPhase;
			buildActionMask = 2147483647;
			files = (
				00ADC6E71D9BD2B5002FADA1 /* LaunchScreen.storyboard in Resources */,
				00ADC6E41D9BD2B5002FADA1 /* Assets.xcassets in Resources */,
				00ADC6DF1D9BD2B5002FADA1 /* Main.storyboard in Resources */,
			);
			runOnlyForDeploymentPostprocessing = 0;
		};
/* End PBXResourcesBuildPhase section */

/* Begin PBXSourcesBuildPhase section */
		00ADC6D21D9BD2B5002FADA1 /* Sources */ = {
			isa = PBXSourcesBuildPhase;
			buildActionMask = 2147483647;
			files = (
				00ADC6E21D9BD2B5002FADA1 /* CDStudy.xcdatamodeld in Sources */,
				00ADC6DC1D9BD2B5002FADA1 /* ViewController.swift in Sources */,
				00ADC6DA1D9BD2B5002FADA1 /* AppDelegate.swift in Sources */,
			);
			runOnlyForDeploymentPostprocessing = 0;
		};
/* End PBXSourcesBuildPhase section */

/* Begin PBXVariantGroup section */
		00ADC6DD1D9BD2B5002FADA1 /* Main.storyboard */ = {
			isa = PBXVariantGroup;
			children = (
				00ADC6DE1D9BD2B5002FADA1 /* Base */,
			);
			name = Main.storyboard;
			sourceTree = "<group>";
		};
		00ADC6E51D9BD2B5002FADA1 /* LaunchScreen.storyboard */ = {
			isa = PBXVariantGroup;
			children = (
				00ADC6E61D9BD2B5002FADA1 /* Base */,
			);
			name = LaunchScreen.storyboard;
			sourceTree = "<group>";
		};
/* End PBXVariantGroup section */

/* Begin XCBuildConfiguration section */
		00ADC6E91D9BD2B5002FADA1 /* Debug */ = {
			isa = XCBuildConfiguration;
			buildSettings = {
				ALWAYS_SEARCH_USER_PATHS = NO;
				CLANG_ANALYZER_NONNULL = YES;
				CLANG_CXX_LANGUAGE_STANDARD = "gnu++0x";
				CLANG_CXX_LIBRARY = "libc++";
				CLANG_ENABLE_MODULES = YES;
				CLANG_ENABLE_OBJC_ARC = YES;
				CLANG_WARN_BOOL_CONVERSION = YES;
				CLANG_WARN_CONSTANT_CONVERSION = YES;
				CLANG_WARN_DIRECT_OBJC_ISA_USAGE = YES_ERROR;
				CLANG_WARN_DOCUMENTATION_COMMENTS = YES;
				CLANG_WARN_EMPTY_BODY = YES;
				CLANG_WARN_ENUM_CONVERSION = YES;
				CLANG_WARN_INFINITE_RECURSION = YES;
				CLANG_WARN_INT_CONVERSION = YES;
				CLANG_WARN_OBJC_ROOT_CLASS = YES_ERROR;
				CLANG_WARN_SUSPICIOUS_MOVES = YES;
				CLANG_WARN_UNREACHABLE_CODE = YES;
				CLANG_WARN__DUPLICATE_METHOD_MATCH = YES;
				"CODE_SIGN_IDENTITY[sdk=iphoneos*]" = "iPhone Developer";
				COPY_PHASE_STRIP = NO;
				DEBUG_INFORMATION_FORMAT = dwarf;
				ENABLE_STRICT_OBJC_MSGSEND = YES;
				ENABLE_TESTABILITY = YES;
				GCC_C_LANGUAGE_STANDARD = gnu99;
				GCC_DYNAMIC_NO_PIC = NO;
				GCC_NO_COMMON_BLOCKS = YES;
				GCC_OPTIMIZATION_LEVEL = 0;
				GCC_PREPROCESSOR_DEFINITIONS = (
					"DEBUG=1",
					"$(inherited)",
				);
				GCC_WARN_64_TO_32_BIT_CONVERSION = YES;
				GCC_WARN_ABOUT_RETURN_TYPE = YES_ERROR;
				GCC_WARN_UNDECLARED_SELECTOR = YES;
				GCC_WARN_UNINITIALIZED_AUTOS = YES_AGGRESSIVE;
				GCC_WARN_UNUSED_FUNCTION = YES;
				GCC_WARN_UNUSED_VARIABLE = YES;
				IPHONEOS_DEPLOYMENT_TARGET = 10.0;
				MTL_ENABLE_DEBUG_INFO = YES;
				ONLY_ACTIVE_ARCH = YES;
				SDKROOT = iphoneos;
				SWIFT_ACTIVE_COMPILATION_CONDITIONS = DEBUG;
				SWIFT_OPTIMIZATION_LEVEL = "-Onone";
			};
			name = Debug;
		};
		00ADC6EA1D9BD2B5002FADA1 /* Release */ = {
			isa = XCBuildConfiguration;
			buildSettings = {
				ALWAYS_SEARCH_USER_PATHS = NO;
				CLANG_ANALYZER_NONNULL = YES;
				CLANG_CXX_LANGUAGE_STANDARD = "gnu++0x";
				CLANG_CXX_LIBRARY = "libc++";
				CLANG_ENABLE_MODULES = YES;
				CLANG_ENABLE_OBJC_ARC = YES;
				CLANG_WARN_BOOL_CONVERSION = YES;
				CLANG_WARN_CONSTANT_CONVERSION = YES;
				CLANG_WARN_DIRECT_OBJC_ISA_USAGE = YES_ERROR;
				CLANG_WARN_DOCUMENTATION_COMMENTS = YES;
				CLANG_WARN_EMPTY_BODY = YES;
				CLANG_WARN_ENUM_CONVERSION = YES;
				CLANG_WARN_INFINITE_RECURSION = YES;
				CLANG_WARN_INT_CONVERSION = YES;
				CLANG_WARN_OBJC_ROOT_CLASS = YES_ERROR;
				CLANG_WARN_SUSPICIOUS_MOVES = YES;
				CLANG_WARN_UNREACHABLE_CODE = YES;
				CLANG_WARN__DUPLICATE_METHOD_MATCH = YES;
				"CODE_SIGN_IDENTITY[sdk=iphoneos*]" = "iPhone Developer";
				COPY_PHASE_STRIP = NO;
				DEBUG_INFORMATION_FORMAT = "dwarf-with-dsym";
				ENABLE_NS_ASSERTIONS = NO;
				ENABLE_STRICT_OBJC_MSGSEND = YES;
				GCC_C_LANGUAGE_STANDARD = gnu99;
				GCC_NO_COMMON_BLOCKS = YES;
				GCC_WARN_64_TO_32_BIT_CONVERSION = YES;
				GCC_WARN_ABOUT_RETURN_TYPE = YES_ERROR;
				GCC_WARN_UNDECLARED_SELECTOR = YES;
				GCC_WARN_UNINITIALIZED_AUTOS = YES_AGGRESSIVE;
				GCC_WARN_UNUSED_FUNCTION = YES;
				GCC_WARN_UNUSED_VARIABLE = YES;
				IPHONEOS_DEPLOYMENT_TARGET = 10.0;
				MTL_ENABLE_DEBUG_INFO = NO;
				SDKROOT = iphoneos;
				SWIFT_OPTIMIZATION_LEVEL = "-Owholemodule";
				VALIDATE_PRODUCT = YES;
			};
			name = Release;
		};
		00ADC6EC1D9BD2B5002FADA1 /* Debug */ = {
			isa = XCBuildConfiguration;
			buildSettings = {
				ASSETCATALOG_COMPILER_APPICON_NAME = AppIcon;
				"CODE_SIGN_IDENTITY[sdk=iphoneos*]" = "iPhone Developer";
				DEVELOPMENT_TEAM = "";
				INFOPLIST_FILE = CDStudy/Info.plist;
				LD_RUNPATH_SEARCH_PATHS = "$(inherited) @executable_path/Frameworks";
				PRODUCT_BUNDLE_IDENTIFIER = robin.CDStudy;
				PRODUCT_NAME = "$(TARGET_NAME)";
				PROVISIONING_PROFILE = "";
				PROVISIONING_PROFILE_SPECIFIER = "";
				SWIFT_VERSION = 3.0;
			};
			name = Debug;
		};
		00ADC6ED1D9BD2B5002FADA1 /* Release */ = {
			isa = XCBuildConfiguration;
			buildSettings = {
				ASSETCATALOG_COMPILER_APPICON_NAME = AppIcon;
				"CODE_SIGN_IDENTITY[sdk=iphoneos*]" = "iPhone Developer";
				DEVELOPMENT_TEAM = "";
				INFOPLIST_FILE = CDStudy/Info.plist;
				LD_RUNPATH_SEARCH_PATHS = "$(inherited) @executable_path/Frameworks";
				PRODUCT_BUNDLE_IDENTIFIER = robin.CDStudy;
				PRODUCT_NAME = "$(TARGET_NAME)";
				SWIFT_VERSION = 3.0;
			};
			name = Release;
		};
/* End XCBuildConfiguration section */

/* Begin XCConfigurationList section */
		00ADC6D11D9BD2B5002FADA1 /* Build configuration list for PBXProject "CDStudy" */ = {
			isa = XCConfigurationList;
			buildConfigurations = (
				00ADC6E91D9BD2B5002FADA1 /* Debug */,
				00ADC6EA1D9BD2B5002FADA1 /* Release */,
			);
			defaultConfigurationIsVisible = 0;
			defaultConfigurationName = Release;
		};
		00ADC6EB1D9BD2B5002FADA1 /* Build configuration list for PBXNativeTarget "CDStudy" */ = {
			isa = XCConfigurationList;
			buildConfigurations = (
				00ADC6EC1D9BD2B5002FADA1 /* Debug */,
				00ADC6ED1D9BD2B5002FADA1 /* Release */,
			);
			defaultConfigurationIsVisible = 0;
		};
/* End XCConfigurationList section */

/* Begin XCVersionGroup section */
		00ADC6E01D9BD2B5002FADA1 /* CDStudy.xcdatamodeld */ = {
			isa = XCVersionGroup;
			children = (
				00ADC6E11D9BD2B5002FADA1 /* CDStudy.xcdatamodel */,
			);
			currentVersion = 00ADC6E11D9BD2B5002FADA1 /* CDStudy.xcdatamodel */;
			path = CDStudy.xcdatamodeld;
			sourceTree = "<group>";
			versionGroupType = wrapper.xcdatamodel;
		};
/* End XCVersionGroup section */
	};
	rootObject = 00ADC6CE1D9BD2B5002FADA1 /* Project object */;
}
